
Microsoft Visual Studio Solution File, Format Version 12.00
# Visual Studio 15
VisualStudioVersion = 15.0.28307.645
MinimumVisualStudioVersion = 10.0.40219.1
Project("{FAE04EC0-301F-11D3-BF4B-00C04F79EFBC}") = "CRootAuthorization", "CRootAuthorization\CRootAuthorization.csproj", "{DEFF5CF9-EEAB-46D2-B0FE-24FEA20047BC}"
EndProject
Global
	GlobalSection(SolutionConfigurationPlatforms) = preSolution
		Debug|Any CPU = Debug|Any CPU
		Release|Any CPU = Release|Any CPU
	EndGlobalSection
	GlobalSection(ProjectConfigurationPlatforms) = postSolution
		{DEFF5CF9-EEAB-46D2-B0FE-24FEA20047BC}.Debug|Any CPU.ActiveCfg = Debug|Any CPU
		{DEFF5CF9-EEAB-46D2-B0FE-24FEA20047BC}.Debug|Any CPU.Build.0 = Debug|Any CPU
		{DEFF5CF9-EEAB-46D2-B0FE-24FEA20047BC}.Release|Any CPU.ActiveCfg = Release|Any CPU
		{DEFF5CF9-EEAB-46D2-B0FE-24FEA20047BC}.Release|Any CPU.Build.0 = Release|Any CPU
	EndGlobalSection
	GlobalSection(SolutionProperties) = preSolution
		HideSolutionNode = FALSE
	EndGlobalSection
	GlobalSection(ExtensibilityGlobals) = postSolution
		SolutionGuid = {A54DB815-CD98-47FD-8A20-DEF3E9E5AADA}
	EndGlobalSection
EndGlobal
